
Microsoft Visual Studio Solution File, Format Version 12.00
Project("{2150E333-8FDC-42A3-9474-1A3956D46DE8}") = "src", "src", "{6E8955CE-74B7-46F3-B411-A178C1767AA4}"
EndProject
Project("{FAE04EC0-301F-11D3-BF4B-00C04F79EFBC}") = "ReaLTime.API", "src\ReaLTime.API\ReaLTime.API.csproj", "{918EB942-39BE-4416-B7E5-A9DD0EE774FA}"
EndProject
Project("{FAE04EC0-301F-11D3-BF4B-00C04F79EFBC}") = "ReaLTime.Application", "src\ReaLTime.Application\ReaLTime.Application.csproj", "{F3D1868D-5BD2-47EC-804C-E0350143478A}"
EndProject
Project("{FAE04EC0-301F-11D3-BF4B-00C04F79EFBC}") = "ReaLTime.Domain", "src\ReaLTime.Domain\ReaLTime.Domain.csproj", "{BFEC56AD-8998-4657-86F3-784A666DF1CA}"
EndProject
Project("{FAE04EC0-301F-11D3-BF4B-00C04F79EFBC}") = "ReaLTime.Infrastructure", "src\ReaLTime.Infrastructure\ReaLTime.Infrastructure.csproj", "{6C52DF3E-960B-4660-8458-0A7719FF9459}"
EndProject
Project("{FAE04EC0-301F-11D3-BF4B-00C04F79EFBC}") = "ReaLTime.Worker.FCM", "src\ReaLTime.Worker.FCM\ReaLTime.Worker.FCM.csproj", "{E309FC47-CBB1-48DE-AC6D-FA8DB886C217}"
EndProject
Project("{FAE04EC0-301F-11D3-BF4B-00C04F79EFBC}") = "ReaLTime.Worker.OneSignal", "src\ReaLTime.Worker.OneSignal\ReaLTime.Worker.OneSignal.csproj", "{77A46924-032B-4C4C-B5E1-5F5F3B392C6B}"
EndProject
Project("{FAE04EC0-301F-11D3-BF4B-00C04F79EFBC}") = "ReaLTime.Shared", "src\ReaLTime.Shared\ReaLTime.Shared.csproj", "{B0742AD2-3317-49D8-AA0A-315CAE299D0D}"
EndProject
Global
	GlobalSection(SolutionConfigurationPlatforms) = preSolution
		Debug|Any CPU = Debug|Any CPU
		Release|Any CPU = Release|Any CPU
	EndGlobalSection
	GlobalSection(NestedProjects) = preSolution
		{918EB942-39BE-4416-B7E5-A9DD0EE774FA} = {6E8955CE-74B7-46F3-B411-A178C1767AA4}
		{F3D1868D-5BD2-47EC-804C-E0350143478A} = {6E8955CE-74B7-46F3-B411-A178C1767AA4}
		{BFEC56AD-8998-4657-86F3-784A666DF1CA} = {6E8955CE-74B7-46F3-B411-A178C1767AA4}
		{6C52DF3E-960B-4660-8458-0A7719FF9459} = {6E8955CE-74B7-46F3-B411-A178C1767AA4}
		{E309FC47-CBB1-48DE-AC6D-FA8DB886C217} = {6E8955CE-74B7-46F3-B411-A178C1767AA4}
		{77A46924-032B-4C4C-B5E1-5F5F3B392C6B} = {6E8955CE-74B7-46F3-B411-A178C1767AA4}
		{B0742AD2-3317-49D8-AA0A-315CAE299D0D} = {6E8955CE-74B7-46F3-B411-A178C1767AA4}
	EndGlobalSection
	GlobalSection(ProjectConfigurationPlatforms) = postSolution
		{918EB942-39BE-4416-B7E5-A9DD0EE774FA}.Debug|Any CPU.ActiveCfg = Debug|Any CPU
		{918EB942-39BE-4416-B7E5-A9DD0EE774FA}.Debug|Any CPU.Build.0 = Debug|Any CPU
		{918EB942-39BE-4416-B7E5-A9DD0EE774FA}.Release|Any CPU.ActiveCfg = Release|Any CPU
		{918EB942-39BE-4416-B7E5-A9DD0EE774FA}.Release|Any CPU.Build.0 = Release|Any CPU
		{F3D1868D-5BD2-47EC-804C-E0350143478A}.Debug|Any CPU.ActiveCfg = Debug|Any CPU
		{F3D1868D-5BD2-47EC-804C-E0350143478A}.Debug|Any CPU.Build.0 = Debug|Any CPU
		{F3D1868D-5BD2-47EC-804C-E0350143478A}.Release|Any CPU.ActiveCfg = Release|Any CPU
		{F3D1868D-5BD2-47EC-804C-E0350143478A}.Release|Any CPU.Build.0 = Release|Any CPU
		{BFEC56AD-8998-4657-86F3-784A666DF1CA}.Debug|Any CPU.ActiveCfg = Debug|Any CPU
		{BFEC56AD-8998-4657-86F3-784A666DF1CA}.Debug|Any CPU.Build.0 = Debug|Any CPU
		{BFEC56AD-8998-4657-86F3-784A666DF1CA}.Release|Any CPU.ActiveCfg = Release|Any CPU
		{BFEC56AD-8998-4657-86F3-784A666DF1CA}.Release|Any CPU.Build.0 = Release|Any CPU
		{6C52DF3E-960B-4660-8458-0A7719FF9459}.Debug|Any CPU.ActiveCfg = Debug|Any CPU
		{6C52DF3E-960B-4660-8458-0A7719FF9459}.Debug|Any CPU.Build.0 = Debug|Any CPU
		{6C52DF3E-960B-4660-8458-0A7719FF9459}.Release|Any CPU.ActiveCfg = Release|Any CPU
		{6C52DF3E-960B-4660-8458-0A7719FF9459}.Release|Any CPU.Build.0 = Release|Any CPU
		{E309FC47-CBB1-48DE-AC6D-FA8DB886C217}.Debug|Any CPU.ActiveCfg = Debug|Any CPU
		{E309FC47-CBB1-48DE-AC6D-FA8DB886C217}.Debug|Any CPU.Build.0 = Debug|Any CPU
		{E309FC47-CBB1-48DE-AC6D-FA8DB886C217}.Release|Any CPU.ActiveCfg = Release|Any CPU
		{E309FC47-CBB1-48DE-AC6D-FA8DB886C217}.Release|Any CPU.Build.0 = Release|Any CPU
		{77A46924-032B-4C4C-B5E1-5F5F3B392C6B}.Debug|Any CPU.ActiveCfg = Debug|Any CPU
		{77A46924-032B-4C4C-B5E1-5F5F3B392C6B}.Debug|Any CPU.Build.0 = Debug|Any CPU
		{77A46924-032B-4C4C-B5E1-5F5F3B392C6B}.Release|Any CPU.ActiveCfg = Release|Any CPU
		{77A46924-032B-4C4C-B5E1-5F5F3B392C6B}.Release|Any CPU.Build.0 = Release|Any CPU
		{B0742AD2-3317-49D8-AA0A-315CAE299D0D}.Debug|Any CPU.ActiveCfg = Debug|Any CPU
		{B0742AD2-3317-49D8-AA0A-315CAE299D0D}.Debug|Any CPU.Build.0 = Debug|Any CPU
		{B0742AD2-3317-49D8-AA0A-315CAE299D0D}.Release|Any CPU.ActiveCfg = Release|Any CPU
		{B0742AD2-3317-49D8-AA0A-315CAE299D0D}.Release|Any CPU.Build.0 = Release|Any CPU
	EndGlobalSection
EndGlobal
